# This file is automatically @generated by Cargo.
# It is not intended for manual editing.
version = 4

[[package]]
name = "cleanbox"
version = "0.1.0"
dependencies = [
 "rexif",
]

[[package]]
name = "rexif"
version = "0.7.5"
source = "registry+https://github.com/rust-lang/crates.io-index"
checksum = "be932047c168919c8d5af065b16fa7d4bd24835ffa256bf0cf1ff463f91c15df"
